
Microsoft Visual Studio Solution File, Format Version 12.00
# Visual Studio Version 17
VisualStudioVersion = 17.4.33122.133
MinimumVisualStudioVersion = 10.0.40219.1
Project("{FAE04EC0-301F-11D3-BF4B-00C04F79EFBC}") = "DayFourPartOne", "DayFourPartOne\DayFourPartOne.csproj", "{EF981703-249E-4352-92E4-3A99F19D9B79}"
EndProject
Project("{FAE04EC0-301F-11D3-BF4B-00C04F79EFBC}") = "DayFourPartTwo", "DayFourPartTwo\DayFourPartTwo.csproj", "{1E0A2BB4-906E-4725-8A08-0F6A04BC1EB1}"
EndProject
Global
	GlobalSection(SolutionConfigurationPlatforms) = preSolution
		Debug|Any CPU = Debug|Any CPU
		Release|Any CPU = Release|Any CPU
	EndGlobalSection
	GlobalSection(ProjectConfigurationPlatforms) = postSolution
		{EF981703-249E-4352-92E4-3A99F19D9B79}.Debug|Any CPU.ActiveCfg = Debug|Any CPU
		{EF981703-249E-4352-92E4-3A99F19D9B79}.Debug|Any CPU.Build.0 = Debug|Any CPU
		{EF981703-249E-4352-92E4-3A99F19D9B79}.Release|Any CPU.ActiveCfg = Release|Any CPU
		{EF981703-249E-4352-92E4-3A99F19D9B79}.Release|Any CPU.Build.0 = Release|Any CPU
		{1E0A2BB4-906E-4725-8A08-0F6A04BC1EB1}.Debug|Any CPU.ActiveCfg = Debug|Any CPU
		{1E0A2BB4-906E-4725-8A08-0F6A04BC1EB1}.Debug|Any CPU.Build.0 = Debug|Any CPU
		{1E0A2BB4-906E-4725-8A08-0F6A04BC1EB1}.Release|Any CPU.ActiveCfg = Release|Any CPU
		{1E0A2BB4-906E-4725-8A08-0F6A04BC1EB1}.Release|Any CPU.Build.0 = Release|Any CPU
	EndGlobalSection
	GlobalSection(SolutionProperties) = preSolution
		HideSolutionNode = FALSE
	EndGlobalSection
	GlobalSection(ExtensibilityGlobals) = postSolution
		SolutionGuid = {ACCBEFBE-F73F-429E-89A6-83A5248EF938}
	EndGlobalSection
EndGlobal
